
Microsoft Visual Studio Solution File, Format Version 12.00
# Visual Studio Version 17
VisualStudioVersion = 17.9.34616.47
MinimumVisualStudioVersion = 10.0.40219.1
Project("{2150E333-8FDC-42A3-9474-1A3956D46DE8}") = "src", "src", "{4E7DAA60-0AE5-46BA-BBBF-F510A0B887C8}"
EndProject
Project("{9A19103F-16F7-4668-BE54-9A1E7A4F7556}") = "PackIT.Domain", "PackIT.Domain\PackIT.Domain.csproj", "{E4712733-06A1-4BA9-BB16-E36448D1B37A}"
EndProject
Project("{9A19103F-16F7-4668-BE54-9A1E7A4F7556}") = "PackIT.Application", "PackIT.Application\PackIT.Application.csproj", "{87513664-ADDD-4F18-A529-821DBAF6E49C}"
EndProject
Project("{9A19103F-16F7-4668-BE54-9A1E7A4F7556}") = "PackIT.Infrastructure", "PackIT.Infrastructure\PackIT.Infrastructure.csproj", "{60267283-7ECA-4F48-9B37-E0F40CDAE475}"
EndProject
Project("{9A19103F-16F7-4668-BE54-9A1E7A4F7556}") = "PackIT.API", "PackIT.API\PackIT.API.csproj", "{0010C52B-095E-47DE-BF35-D7E6EE107A53}"
EndProject
Project("{FAE04EC0-301F-11D3-BF4B-00C04F79EFBC}") = "PackIT.Shared.Abstractions", "PackIT.Shared.Abstractions\PackIT.Shared.Abstractions.csproj", "{1E3F8AAC-85CA-4D4D-94D8-7732B0B14C34}"
EndProject
Project("{FAE04EC0-301F-11D3-BF4B-00C04F79EFBC}") = "PackIT.Shared", "PackIT.Shared\PackIT.Shared.csproj", "{E8E459EE-32CC-4BB8-A157-603E6CDBD414}"
EndProject
Global
	GlobalSection(SolutionConfigurationPlatforms) = preSolution
		Debug|Any CPU = Debug|Any CPU
		Release|Any CPU = Release|Any CPU
	EndGlobalSection
	GlobalSection(ProjectConfigurationPlatforms) = postSolution
		{E4712733-06A1-4BA9-BB16-E36448D1B37A}.Debug|Any CPU.ActiveCfg = Debug|Any CPU
		{E4712733-06A1-4BA9-BB16-E36448D1B37A}.Debug|Any CPU.Build.0 = Debug|Any CPU
		{E4712733-06A1-4BA9-BB16-E36448D1B37A}.Release|Any CPU.ActiveCfg = Release|Any CPU
		{E4712733-06A1-4BA9-BB16-E36448D1B37A}.Release|Any CPU.Build.0 = Release|Any CPU
		{87513664-ADDD-4F18-A529-821DBAF6E49C}.Debug|Any CPU.ActiveCfg = Debug|Any CPU
		{87513664-ADDD-4F18-A529-821DBAF6E49C}.Debug|Any CPU.Build.0 = Debug|Any CPU
		{87513664-ADDD-4F18-A529-821DBAF6E49C}.Release|Any CPU.ActiveCfg = Release|Any CPU
		{87513664-ADDD-4F18-A529-821DBAF6E49C}.Release|Any CPU.Build.0 = Release|Any CPU
		{60267283-7ECA-4F48-9B37-E0F40CDAE475}.Debug|Any CPU.ActiveCfg = Debug|Any CPU
		{60267283-7ECA-4F48-9B37-E0F40CDAE475}.Debug|Any CPU.Build.0 = Debug|Any CPU
		{60267283-7ECA-4F48-9B37-E0F40CDAE475}.Release|Any CPU.ActiveCfg = Release|Any CPU
		{60267283-7ECA-4F48-9B37-E0F40CDAE475}.Release|Any CPU.Build.0 = Release|Any CPU
		{0010C52B-095E-47DE-BF35-D7E6EE107A53}.Debug|Any CPU.ActiveCfg = Debug|Any CPU
		{0010C52B-095E-47DE-BF35-D7E6EE107A53}.Debug|Any CPU.Build.0 = Debug|Any CPU
		{0010C52B-095E-47DE-BF35-D7E6EE107A53}.Release|Any CPU.ActiveCfg = Release|Any CPU
		{0010C52B-095E-47DE-BF35-D7E6EE107A53}.Release|Any CPU.Build.0 = Release|Any CPU
		{1E3F8AAC-85CA-4D4D-94D8-7732B0B14C34}.Debug|Any CPU.ActiveCfg = Debug|Any CPU
		{1E3F8AAC-85CA-4D4D-94D8-7732B0B14C34}.Debug|Any CPU.Build.0 = Debug|Any CPU
		{1E3F8AAC-85CA-4D4D-94D8-7732B0B14C34}.Release|Any CPU.ActiveCfg = Release|Any CPU
		{1E3F8AAC-85CA-4D4D-94D8-7732B0B14C34}.Release|Any CPU.Build.0 = Release|Any CPU
		{E8E459EE-32CC-4BB8-A157-603E6CDBD414}.Debug|Any CPU.ActiveCfg = Debug|Any CPU
		{E8E459EE-32CC-4BB8-A157-603E6CDBD414}.Debug|Any CPU.Build.0 = Debug|Any CPU
		{E8E459EE-32CC-4BB8-A157-603E6CDBD414}.Release|Any CPU.ActiveCfg = Release|Any CPU
		{E8E459EE-32CC-4BB8-A157-603E6CDBD414}.Release|Any CPU.Build.0 = Release|Any CPU
	EndGlobalSection
	GlobalSection(SolutionProperties) = preSolution
		HideSolutionNode = FALSE
	EndGlobalSection
	GlobalSection(NestedProjects) = preSolution
		{E4712733-06A1-4BA9-BB16-E36448D1B37A} = {4E7DAA60-0AE5-46BA-BBBF-F510A0B887C8}
		{87513664-ADDD-4F18-A529-821DBAF6E49C} = {4E7DAA60-0AE5-46BA-BBBF-F510A0B887C8}
		{60267283-7ECA-4F48-9B37-E0F40CDAE475} = {4E7DAA60-0AE5-46BA-BBBF-F510A0B887C8}
		{0010C52B-095E-47DE-BF35-D7E6EE107A53} = {4E7DAA60-0AE5-46BA-BBBF-F510A0B887C8}
		{1E3F8AAC-85CA-4D4D-94D8-7732B0B14C34} = {4E7DAA60-0AE5-46BA-BBBF-F510A0B887C8}
		{E8E459EE-32CC-4BB8-A157-603E6CDBD414} = {4E7DAA60-0AE5-46BA-BBBF-F510A0B887C8}
	EndGlobalSection
	GlobalSection(ExtensibilityGlobals) = postSolution
		SolutionGuid = {011B8882-692E-4796-B9A1-56B635DFDA82}
	EndGlobalSection
EndGlobal
